
Microsoft Visual Studio Solution File, Format Version 12.00
# Visual Studio 15
Project("{FAE04EC0-301F-11D3-BF4B-00C04F79EFBC}") = "Assembly-CSharp", "Assembly-CSharp.csproj", "{3B149770-5E37-2570-A96C-61B2A4804C0C}"
EndProject
Project("{FAE04EC0-301F-11D3-BF4B-00C04F79EFBC}") = "Assembly-CSharp-Editor", "Assembly-CSharp-Editor.csproj", "{192A0CAF-D682-F52B-E108-4E3E8C67547C}"
EndProject
Global
	GlobalSection(SolutionConfigurationPlatforms) = preSolution
		Debug|Any CPU = Debug|Any CPU
		Release|Any CPU = Release|Any CPU
	EndGlobalSection
	GlobalSection(ProjectConfigurationPlatforms) = postSolution
		{3B149770-5E37-2570-A96C-61B2A4804C0C}.Debug|Any CPU.ActiveCfg = Debug|Any CPU
		{3B149770-5E37-2570-A96C-61B2A4804C0C}.Debug|Any CPU.Build.0 = Debug|Any CPU
		{3B149770-5E37-2570-A96C-61B2A4804C0C}.Release|Any CPU.ActiveCfg = Release|Any CPU
		{3B149770-5E37-2570-A96C-61B2A4804C0C}.Release|Any CPU.Build.0 = Release|Any CPU
		{192A0CAF-D682-F52B-E108-4E3E8C67547C}.Debug|Any CPU.ActiveCfg = Debug|Any CPU
		{192A0CAF-D682-F52B-E108-4E3E8C67547C}.Debug|Any CPU.Build.0 = Debug|Any CPU
		{192A0CAF-D682-F52B-E108-4E3E8C67547C}.Release|Any CPU.ActiveCfg = Release|Any CPU
		{192A0CAF-D682-F52B-E108-4E3E8C67547C}.Release|Any CPU.Build.0 = Release|Any CPU
	EndGlobalSection
	GlobalSection(SolutionProperties) = preSolution
		HideSolutionNode = FALSE
	EndGlobalSection
EndGlobal
